
Microsoft Visual Studio Solution File, Format Version 12.00
# Visual Studio Version 17
VisualStudioVersion = 17.13.35919.96
MinimumVisualStudioVersion = 10.0.40219.1
Project("{FAE04EC0-301F-11D3-BF4B-00C04F79EFBC}") = "CommissionPage", "CommissionPage\CommissionPage.csproj", "{B0D4CC00-EF80-47C9-9121-F2F5ECDBC113}"
EndProject
Project("{FAE04EC0-301F-11D3-BF4B-00C04F79EFBC}") = "SnowTavern", "WebApplication edited\SnowTavern.csproj", "{30098987-7CB1-4ED8-B510-3BF2B03DF831}"
EndProject
Global
	GlobalSection(SolutionConfigurationPlatforms) = preSolution
		Debug|Any CPU = Debug|Any CPU
		Release|Any CPU = Release|Any CPU
	EndGlobalSection
	GlobalSection(ProjectConfigurationPlatforms) = postSolution
		{B0D4CC00-EF80-47C9-9121-F2F5ECDBC113}.Debug|Any CPU.ActiveCfg = Debug|Any CPU
		{B0D4CC00-EF80-47C9-9121-F2F5ECDBC113}.Debug|Any CPU.Build.0 = Debug|Any CPU
		{B0D4CC00-EF80-47C9-9121-F2F5ECDBC113}.Release|Any CPU.ActiveCfg = Release|Any CPU
		{B0D4CC00-EF80-47C9-9121-F2F5ECDBC113}.Release|Any CPU.Build.0 = Release|Any CPU
		{30098987-7CB1-4ED8-B510-3BF2B03DF831}.Debug|Any CPU.ActiveCfg = Debug|Any CPU
		{30098987-7CB1-4ED8-B510-3BF2B03DF831}.Debug|Any CPU.Build.0 = Debug|Any CPU
		{30098987-7CB1-4ED8-B510-3BF2B03DF831}.Release|Any CPU.ActiveCfg = Release|Any CPU
		{30098987-7CB1-4ED8-B510-3BF2B03DF831}.Release|Any CPU.Build.0 = Release|Any CPU
	EndGlobalSection
	GlobalSection(SolutionProperties) = preSolution
		HideSolutionNode = FALSE
	EndGlobalSection
	GlobalSection(ExtensibilityGlobals) = postSolution
		SolutionGuid = {64174BB4-8F92-4CA5-BD22-277D1911B30D}
	EndGlobalSection
EndGlobal
